// !$*UTF8*$!
{
	archiveVersion = 1;
	classes = {
	};
	objectVersion = 46;
	objects = {

/* Begin PBXBuildFile section */
		AB4C8FC71D6A6D5E00B7DAAF /* main.swift in Sources */ = {isa = PBXBuildFile; fileRef = AB4C8FC61D6A6D5E00B7DAAF /* main.swift */; };
/* End PBXBuildFile section */

/* Begin PBXCopyFilesBuildPhase section */
		AB4C8FC11D6A6D5E00B7DAAF /* CopyFiles */ = {
			isa = PBXCopyFilesBuildPhase;
			buildActionMask = 2147483647;
			dstPath = /usr/share/man/man1/;
			dstSubfolderSpec = 0;
			files = (
			);
			runOnlyForDeploymentPostprocessing = 1;
		};
/* End PBXCopyFilesBuildPhase section */

/* Begin PBXFileReference section */
		AB4C8FC31D6A6D5E00B7DAAF /* timeclock */ = {isa = PBXFileReference; explicitFileType = "compiled.mach-o.executable"; includeInIndex = 0; path = timeclock; sourceTree = BUILT_PRODUCTS_DIR; };
		AB4C8FC61D6A6D5E00B7DAAF /* main.swift */ = {isa = PBXFileReference; lastKnownFileType = sourcecode.swift; path = main.swift; sourceTree = "<group>"; };
/* End PBXFileReference section */

/* Begin PBXFrameworksBuildPhase section */
		AB4C8FC01D6A6D5E00B7DAAF /* Frameworks */ = {
			isa = PBXFrameworksBuildPhase;
			buildActionMask = 2147483647;
			files = (
			);
			runOnlyForDeploymentPostprocessing = 0;
		};
/* End PBXFrameworksBuildPhase section */

/* Begin PBXGroup section */
		AB4C8FBA1D6A6D5E00B7DAAF = {
			isa = PBXGroup;
			children = (
				AB4C8FC51D6A6D5E00B7DAAF /* timeclock */,
				AB4C8FC41D6A6D5E00B7DAAF /* Products */,
			);
			sourceTree = "<group>";
		};
		AB4C8FC41D6A6D5E00B7DAAF /* Products */ = {
			isa = PBXGroup;
			children = (
				AB4C8FC31D6A6D5E00B7DAAF /* timeclock */,
			);
			name = Products;
			sourceTree = "<group>";
		};
		AB4C8FC51D6A6D5E00B7DAAF /* timeclock */ = {
			isa = PBXGroup;
			children = (
				AB4C8FC61D6A6D5E00B7DAAF /* main.swift */,
			);
			path = timeclock;
			sourceTree = "<group>";
		};
/* End PBXGroup section */

/* Begin PBXNativeTarget section */
		AB4C8FC21D6A6D5E00B7DAAF /* timeclock */ = {
			isa = PBXNativeTarget;
			buildConfigurationList = AB4C8FCA1D6A6D5E00B7DAAF /* Build configuration list for PBXNativeTarget "timeclock" */;
			buildPhases = (
				AB4C8FBF1D6A6D5E00B7DAAF /* Sources */,
				AB4C8FC01D6A6D5E00B7DAAF /* Frameworks */,
				AB4C8FC11D6A6D5E00B7DAAF /* CopyFiles */,
			);
			buildRules = (
			);
			dependencies = (
			);
			name = timeclock;
			productName = timeclock;
			productReference = AB4C8FC31D6A6D5E00B7DAAF /* timeclock */;
			productType = "com.apple.product-type.tool";
		};
/* End PBXNativeTarget section */

/* Begin PBXProject section */
		AB4C8FBB1D6A6D5E00B7DAAF /* Project object */ = {
			isa = PBXProject;
			attributes = {
				LastSwiftUpdateCheck = 0730;
				LastUpgradeCheck = 0730;
				ORGANIZATIONNAME = "Jonathan Warner";
				TargetAttributes = {
					AB4C8FC21D6A6D5E00B7DAAF = {
						CreatedOnToolsVersion = 7.3.1;
					};
				};
			};
			buildConfigurationList = AB4C8FBE1D6A6D5E00B7DAAF /* Build configuration list for PBXProject "timeclock" */;
			compatibilityVersion = "Xcode 3.2";
			developmentRegion = English;
			hasScannedForEncodings = 0;
			knownRegions = (
				en,
			);
			mainGroup = AB4C8FBA1D6A6D5E00B7DAAF;
			productRefGroup = AB4C8FC41D6A6D5E00B7DAAF /* Products */;
			projectDirPath = "";
			projectRoot = "";
			targets = (
				AB4C8FC21D6A6D5E00B7DAAF /* timeclock */,
			);
		};
/* End PBXProject section */

/* Begin PBXSourcesBuildPhase section */
		AB4C8FBF1D6A6D5E00B7DAAF /* Sources */ = {
			isa = PBXSourcesBuildPhase;
			buildActionMask = 2147483647;
			files = (
				AB4C8FC71D6A6D5E00B7DAAF /* main.swift in Sources */,
			);
			runOnlyForDeploymentPostprocessing = 0;
		};
/* End PBXSourcesBuildPhase section */

/* Begin XCBuildConfiguration section */
		AB4C8FC81D6A6D5E00B7DAAF /* Debug */ = {
			isa = XCBuildConfiguration;
			buildSettings = {
				ALWAYS_SEARCH_USER_PATHS = NO;
				CLANG_ANALYZER_NONNULL = YES;
				CLANG_CXX_LANGUAGE_STANDARD = "gnu++0x";
				CLANG_CXX_LIBRARY = "libc++";
				CLANG_ENABLE_MODULES = YES;
				CLANG_ENABLE_OBJC_ARC = YES;
				CLANG_WARN_BOOL_CONVERSION = YES;
				CLANG_WARN_CONSTANT_CONVERSION = YES;
				CLANG_WARN_DIRECT_OBJC_ISA_USAGE = YES_ERROR;
				CLANG_WARN_EMPTY_BODY = YES;
				CLANG_WARN_ENUM_CONVERSION = YES;
				CLANG_WARN_INT_CONVERSION = YES;
				CLANG_WARN_OBJC_ROOT_CLASS = YES_ERROR;
				CLANG_WARN_UNREACHABLE_CODE = YES;
				CLANG_WARN__DUPLICATE_METHOD_MATCH = YES;
				CODE_SIGN_IDENTITY = "-";
				COPY_PHASE_STRIP = NO;
				DEBUG_INFORMATION_FORMAT = dwarf;
				ENABLE_STRICT_OBJC_MSGSEND = YES;
				ENABLE_TESTABILITY = YES;
				GCC_C_LANGUAGE_STANDARD = gnu99;
				GCC_DYNAMIC_NO_PIC = NO;
				GCC_NO_COMMON_BLOCKS = YES;
				GCC_OPTIMIZATION_LEVEL = 0;
				GCC_PREPROCESSOR_DEFINITIONS = (
					"DEBUG=1",
					"$(inherited)",
				);
				GCC_WARN_64_TO_32_BIT_CONVERSION = YES;
				GCC_WARN_ABOUT_RETURN_TYPE = YES_ERROR;
				GCC_WARN_UNDECLARED_SELECTOR = YES;
				GCC_WARN_UNINITIALIZED_AUTOS = YES_AGGRESSIVE;
				GCC_WARN_UNUSED_FUNCTION = YES;
				GCC_WARN_UNUSED_VARIABLE = YES;
				MACOSX_DEPLOYMENT_TARGET = 10.11;
				MTL_ENABLE_DEBUG_INFO = YES;
				ONLY_ACTIVE_ARCH = YES;
				SDKROOT = macosx;
				SWIFT_OPTIMIZATION_LEVEL = "-Onone";
			};
			name = Debug;
		};
		AB4C8FC91D6A6D5E00B7DAAF /* Release */ = {
			isa = XCBuildConfiguration;
			buildSettings = {
				ALWAYS_SEARCH_USER_PATHS = NO;
				CLANG_ANALYZER_NONNULL = YES;
				CLANG_CXX_LANGUAGE_STANDARD = "gnu++0x";
				CLANG_CXX_LIBRARY = "libc++";
				CLANG_ENABLE_MODULES = YES;
				CLANG_ENABLE_OBJC_ARC = YES;
				CLANG_WARN_BOOL_CONVERSION = YES;
				CLANG_WARN_CONSTANT_CONVERSION = YES;
				CLANG_WARN_DIRECT_OBJC_ISA_USAGE = YES_ERROR;
				CLANG_WARN_EMPTY_BODY = YES;
				CLANG_WARN_ENUM_CONVERSION = YES;
				CLANG_WARN_INT_CONVERSION = YES;
				CLANG_WARN_OBJC_ROOT_CLASS = YES_ERROR;
				CLANG_WARN_UNREACHABLE_CODE = YES;
				CLANG_WARN__DUPLICATE_METHOD_MATCH = YES;
				CODE_SIGN_IDENTITY = "-";
				COPY_PHASE_STRIP = NO;
				DEBUG_INFORMATION_FORMAT = "dwarf-with-dsym";
				ENABLE_NS_ASSERTIONS = NO;
				ENABLE_STRICT_OBJC_MSGSEND = YES;
				GCC_C_LANGUAGE_STANDARD = gnu99;
				GCC_NO_COMMON_BLOCKS = YES;
				GCC_WARN_64_TO_32_BIT_CONVERSION = YES;
				GCC_WARN_ABOUT_RETURN_TYPE = YES_ERROR;
				GCC_WARN_UNDECLARED_SELECTOR = YES;
				GCC_WARN_UNINITIALIZED_AUTOS = YES_AGGRESSIVE;
				GCC_WARN_UNUSED_FUNCTION = YES;
				GCC_WARN_UNUSED_VARIABLE = YES;
				MACOSX_DEPLOYMENT_TARGET = 10.11;
				MTL_ENABLE_DEBUG_INFO = NO;
				SDKROOT = macosx;
			};
			name = Release;
		};
		AB4C8FCB1D6A6D5E00B7DAAF /* Debug */ = {
			isa = XCBuildConfiguration;
			buildSettings = {
				PRODUCT_NAME = "$(TARGET_NAME)";
			};
			name = Debug;
		};
		AB4C8FCC1D6A6D5E00B7DAAF /* Release */ = {
			isa = XCBuildConfiguration;
			buildSettings = {
				PRODUCT_NAME = "$(TARGET_NAME)";
			};
			name = Release;
		};
/* End XCBuildConfiguration section */

/* Begin XCConfigurationList section */
		AB4C8FBE1D6A6D5E00B7DAAF /* Build configuration list for PBXProject "timeclock" */ = {
			isa = XCConfigurationList;
			buildConfigurations = (
				AB4C8FC81D6A6D5E00B7DAAF /* Debug */,
				AB4C8FC91D6A6D5E00B7DAAF /* Release */,
			);
			defaultConfigurationIsVisible = 0;
			defaultConfigurationName = Release;
		};
		AB4C8FCA1D6A6D5E00B7DAAF /* Build configuration list for PBXNativeTarget "timeclock" */ = {
			isa = XCConfigurationList;
			buildConfigurations = (
				AB4C8FCB1D6A6D5E00B7DAAF /* Debug */,
				AB4C8FCC1D6A6D5E00B7DAAF /* Release */,
			);
			defaultConfigurationIsVisible = 0;
		};
/* End XCConfigurationList section */
	};
	rootObject = AB4C8FBB1D6A6D5E00B7DAAF /* Project object */;
}
